{
  "name": "node-mecab",
  "version": "1.0.0",
  "lockfileVersion": 1,
  "requires": true,
  "dependencies": {
    "chownr": {
      "version": "1.0.1",
      "resolved": "https://registry.npmjs.org/chownr/-/chownr-1.0.1.tgz",
      "integrity": "sha1-4qdQQqlVGQi+vSW4Uj1fl2nXkYE="
    },
    "commander": {
      "version": "2.15.1",
      "resolved": "https://registry.npmjs.org/commander/-/commander-2.15.1.tgz",
      "integrity": "sha512-VlfT9F3V0v+jr4yxPc5gg9s62/fIVWsd2Bk2iD435um1NlGMYdVCq+MjcXnhYq2icNOizHr1kK+5TI6H0Hy0ag=="
    },
    "minimist": {
      "version": "0.0.8",
      "resolved": "https://registry.npmjs.org/minimist/-/minimist-0.0.8.tgz",
      "integrity": "sha1-hX/Kv8M5fSYluCKCYuhqp6ARsF0="
    },
    "minipass": {
      "version": "2.2.4",
      "resolved": "https://registry.npmjs.org/minipass/-/minipass-2.2.4.tgz",
      "integrity": "sha512-hzXIWWet/BzWhYs2b+u7dRHlruXhwdgvlTMDKC6Cb1U7ps6Ac6yQlR39xsbjWJE377YTCtKwIXIpJ5oP+j5y8g==",
      "requires": {
        "safe-buffer": "5.1.1",
        "yallist": "3.0.2"
      }
    },
    "minizlib": {
      "version": "1.1.0",
      "resolved": "https://registry.npmjs.org/minizlib/-/minizlib-1.1.0.tgz",
      "integrity": "sha512-4T6Ur/GctZ27nHfpt9THOdRZNgyJ9FZchYO1ceg5S8Q3DNLCKYy44nCZzgCJgcvx2UM8czmqak5BCxJMrq37lA==",
      "requires": {
        "minipass": "2.2.4"
      }
    },
    "mkdirp": {
      "version": "0.5.1",
      "resolved": "https://registry.npmjs.org/mkdirp/-/mkdirp-0.5.1.tgz",
      "integrity": "sha1-MAV0OOrGz3+MR2fzhkjWaX11yQM=",
      "requires": {
        "minimist": "0.0.8"
      }
    },
    "safe-buffer": {
      "version": "5.1.1",
      "resolved": "https://registry.npmjs.org/safe-buffer/-/safe-buffer-5.1.1.tgz",
      "integrity": "sha512-kKvNJn6Mm93gAczWVJg7wH+wGYWNrDHdWvpUmHyEsgCtIwwo3bqPtV4tR5tuPaUhTOo/kvhVwd8XwwOllGYkbg=="
    },
    "tar": {
      "version": "3.2.1",
      "resolved": "https://registry.npmjs.org/tar/-/tar-3.2.1.tgz",
      "integrity": "sha512-ZSzds1E0IqutvMU8HxjMaU8eB7urw2fGwTq88ukDOVuUIh0656l7/P7LiVPxhO5kS4flcRJQk8USG+cghQbTUQ==",
      "requires": {
        "chownr": "1.0.1",
        "minipass": "2.2.4",
        "minizlib": "1.1.0",
        "mkdirp": "0.5.1",
        "yallist": "3.0.2"
      }
    },
    "underscore": {
      "version": "1.8.3",
      "resolved": "https://registry.npmjs.org/underscore/-/underscore-1.8.3.tgz",
      "integrity": "sha1-Tz+1OxBuYJf8+ctBCfKl6b36UCI="
    },
    "wordnet-db": {
      "version": "3.1.6",
      "resolved": "https://registry.npmjs.org/wordnet-db/-/wordnet-db-3.1.6.tgz",
      "integrity": "sha1-75kaOOmGq5HhsDai+ZF5jBNiD5g=",
      "requires": {
        "tar": "3.2.1"
      }
    },
    "wordpos": {
      "version": "1.1.6",
      "resolved": "https://registry.npmjs.org/wordpos/-/wordpos-1.1.6.tgz",
      "integrity": "sha512-+jlB/Iu0hhkxw5AwugdOPxod0g0CJSQOWItkUYuMZpKEpBWJ1DZcoa8n8cmDAn9mTXo8n9ZT516NAgE8SZPkRw==",
      "requires": {
        "commander": "2.15.1",
        "underscore": "1.8.3",
        "wordnet-db": "3.1.6"
      }
    },
    "yallist": {
      "version": "3.0.2",
      "resolved": "https://registry.npmjs.org/yallist/-/yallist-3.0.2.tgz",
      "integrity": "sha1-hFK0u36Dx8GI2AQcGoN8dz1ti7k="
    }
  }
}
